
Microsoft Visual Studio Solution File, Format Version 12.00
# Visual Studio Version 17
VisualStudioVersion = 17.1.32210.238
MinimumVisualStudioVersion = 10.0.40219.1
Project("{2150E333-8FDC-42A3-9474-1A3956D46DE8}") = "1 - Services", "1 - Services", "{AFD023BD-5586-4954-8ABF-C1D74AF0D7A1}"
EndProject
Project("{2150E333-8FDC-42A3-9474-1A3956D46DE8}") = "2 - Application", "2 - Application", "{75688C79-C103-4604-BE44-58761A5E4310}"
EndProject
Project("{2150E333-8FDC-42A3-9474-1A3956D46DE8}") = "3 - Domain", "3 - Domain", "{590DC202-02C8-4D7D-A89C-6F2F2A6B92EF}"
EndProject
Project("{2150E333-8FDC-42A3-9474-1A3956D46DE8}") = "4 - Infra", "4 - Infra", "{7B6A6718-8B07-4F2B-A9B9-A8E580D1F3B6}"
EndProject
Project("{9A19103F-16F7-4668-BE54-9A1E7A4F7556}") = "Gigacode.Services", "Gigacode\Gigacode.Services.csproj", "{485022F7-426B-40F5-989B-93DFD081917B}"
EndProject
Project("{9A19103F-16F7-4668-BE54-9A1E7A4F7556}") = "Gigacode.Application", "Gigacode.Application\Gigacode.Application.csproj", "{4DDE0458-B80E-49D3-9BCF-4927A5F46479}"
EndProject
Project("{9A19103F-16F7-4668-BE54-9A1E7A4F7556}") = "Gigacode.Domain", "Gigacode.Domain\Gigacode.Domain.csproj", "{50C528EA-E117-4CE2-911C-1CC3DB7701FC}"
EndProject
Project("{2150E333-8FDC-42A3-9474-1A3956D46DE8}") = "3.1 - Data", "3.1 - Data", "{FA5E1134-9E46-484F-8759-1C10BBA73CF2}"
EndProject
Project("{2150E333-8FDC-42A3-9474-1A3956D46DE8}") = "3.2 - CrossCuting", "3.2 - CrossCuting", "{2C24C5E4-23BB-4BA5-ACFA-9F0EE9AF8F93}"
EndProject
Project("{9A19103F-16F7-4668-BE54-9A1E7A4F7556}") = "Gigacode.Infra.Data", "Gigacode.Infra.Repositories\Gigacode.Infra.Data.csproj", "{9F7D8B73-DF8A-4A7A-BF9B-F219EA78CE10}"
EndProject
Project("{9A19103F-16F7-4668-BE54-9A1E7A4F7556}") = "Gigacode.Infra.CrossCuting", "Gigacode.Infra.CrossCuting\Gigacode.Infra.CrossCuting.csproj", "{45B997D2-813A-4054-B3B7-8CD4CB221F89}"
EndProject
Project("{2150E333-8FDC-42A3-9474-1A3956D46DE8}") = "5 - Database", "5 - Database", "{4C557FE0-C218-4B46-891A-38DF66B52CDD}"
EndProject
Project("{2150E333-8FDC-42A3-9474-1A3956D46DE8}") = "0 - Presentation", "0 - Presentation", "{0F5660ED-B6E2-4A4E-84E9-EA38E0367BB0}"
EndProject
Global
	GlobalSection(SolutionConfigurationPlatforms) = preSolution
		Debug|Any CPU = Debug|Any CPU
		Release|Any CPU = Release|Any CPU
	EndGlobalSection
	GlobalSection(ProjectConfigurationPlatforms) = postSolution
		{485022F7-426B-40F5-989B-93DFD081917B}.Debug|Any CPU.ActiveCfg = Debug|Any CPU
		{485022F7-426B-40F5-989B-93DFD081917B}.Debug|Any CPU.Build.0 = Debug|Any CPU
		{485022F7-426B-40F5-989B-93DFD081917B}.Release|Any CPU.ActiveCfg = Release|Any CPU
		{485022F7-426B-40F5-989B-93DFD081917B}.Release|Any CPU.Build.0 = Release|Any CPU
		{4DDE0458-B80E-49D3-9BCF-4927A5F46479}.Debug|Any CPU.ActiveCfg = Debug|Any CPU
		{4DDE0458-B80E-49D3-9BCF-4927A5F46479}.Debug|Any CPU.Build.0 = Debug|Any CPU
		{4DDE0458-B80E-49D3-9BCF-4927A5F46479}.Release|Any CPU.ActiveCfg = Release|Any CPU
		{4DDE0458-B80E-49D3-9BCF-4927A5F46479}.Release|Any CPU.Build.0 = Release|Any CPU
		{50C528EA-E117-4CE2-911C-1CC3DB7701FC}.Debug|Any CPU.ActiveCfg = Debug|Any CPU
		{50C528EA-E117-4CE2-911C-1CC3DB7701FC}.Debug|Any CPU.Build.0 = Debug|Any CPU
		{50C528EA-E117-4CE2-911C-1CC3DB7701FC}.Release|Any CPU.ActiveCfg = Release|Any CPU
		{50C528EA-E117-4CE2-911C-1CC3DB7701FC}.Release|Any CPU.Build.0 = Release|Any CPU
		{9F7D8B73-DF8A-4A7A-BF9B-F219EA78CE10}.Debug|Any CPU.ActiveCfg = Debug|Any CPU
		{9F7D8B73-DF8A-4A7A-BF9B-F219EA78CE10}.Debug|Any CPU.Build.0 = Debug|Any CPU
		{9F7D8B73-DF8A-4A7A-BF9B-F219EA78CE10}.Release|Any CPU.ActiveCfg = Release|Any CPU
		{9F7D8B73-DF8A-4A7A-BF9B-F219EA78CE10}.Release|Any CPU.Build.0 = Release|Any CPU
		{45B997D2-813A-4054-B3B7-8CD4CB221F89}.Debug|Any CPU.ActiveCfg = Debug|Any CPU
		{45B997D2-813A-4054-B3B7-8CD4CB221F89}.Debug|Any CPU.Build.0 = Debug|Any CPU
		{45B997D2-813A-4054-B3B7-8CD4CB221F89}.Release|Any CPU.ActiveCfg = Release|Any CPU
		{45B997D2-813A-4054-B3B7-8CD4CB221F89}.Release|Any CPU.Build.0 = Release|Any CPU
	EndGlobalSection
	GlobalSection(SolutionProperties) = preSolution
		HideSolutionNode = FALSE
	EndGlobalSection
	GlobalSection(NestedProjects) = preSolution
		{485022F7-426B-40F5-989B-93DFD081917B} = {AFD023BD-5586-4954-8ABF-C1D74AF0D7A1}
		{4DDE0458-B80E-49D3-9BCF-4927A5F46479} = {75688C79-C103-4604-BE44-58761A5E4310}
		{50C528EA-E117-4CE2-911C-1CC3DB7701FC} = {590DC202-02C8-4D7D-A89C-6F2F2A6B92EF}
		{FA5E1134-9E46-484F-8759-1C10BBA73CF2} = {7B6A6718-8B07-4F2B-A9B9-A8E580D1F3B6}
		{2C24C5E4-23BB-4BA5-ACFA-9F0EE9AF8F93} = {7B6A6718-8B07-4F2B-A9B9-A8E580D1F3B6}
		{9F7D8B73-DF8A-4A7A-BF9B-F219EA78CE10} = {FA5E1134-9E46-484F-8759-1C10BBA73CF2}
		{45B997D2-813A-4054-B3B7-8CD4CB221F89} = {2C24C5E4-23BB-4BA5-ACFA-9F0EE9AF8F93}
	EndGlobalSection
	GlobalSection(ExtensibilityGlobals) = postSolution
		SolutionGuid = {7F061E7C-73C5-4EFC-9980-A1DBE2CCFFA9}
	EndGlobalSection
EndGlobal
